{
  "name": "wescrm-deploy",
  "version": "1.0.0",
  "lockfileVersion": 1,
  "requires": true,
  "dependencies": {
    "@actions/core": {
      "version": "1.4.0",
      "resolved": "https://registry.nlark.com/@actions/core/download/@actions/core-1.4.0.tgz",
      "integrity": "sha1-zy5u4xfjFLA4hq3+sg5EjVDW5SQ="
    },
    "@actions/github": {
      "version": "5.0.0",
      "resolved": "https://registry.nlark.com/@actions/github/download/@actions/github-5.0.0.tgz",
      "integrity": "sha1-F1QSeXbFC9iLLpBfENIE120Ucvg=",
      "requires": {
        "@actions/http-client": "1.0.11",
        "@octokit/core": "3.5.1",
        "@octokit/plugin-paginate-rest": "2.13.5",
        "@octokit/plugin-rest-endpoint-methods": "5.3.1"
      }
    },
    "@actions/http-client": {
      "version": "1.0.11",
      "resolved": "https://registry.nlark.com/@actions/http-client/download/@actions/http-client-1.0.11.tgz",
      "integrity": "sha1-xYsS6aqLFZ7jnn3Wy9DpHZBWM8A=",
      "requires": {
        "tunnel": "0.0.6"
      }
    },
    "@octokit/auth-token": {
      "version": "2.4.5",
      "resolved": "https://registry.npm.taobao.org/@octokit/auth-token/download/@octokit/auth-token-2.4.5.tgz?cache=0&sync_timestamp=1611596865357&other_urls=https%3A%2F%2Fregistry.npm.taobao.org%2F%40octokit%2Fauth-token%2Fdownload%2F%40octokit%2Fauth-token-2.4.5.tgz",
      "integrity": "sha1-VozPuMtG82RB+sCUzjT3qHWxl/M=",
      "requires": {
        "@octokit/types": "6.16.4"
      }
    },
    "@octokit/core": {
      "version": "3.5.1",
      "resolved": "https://registry.nlark.com/@octokit/core/download/@octokit/core-3.5.1.tgz",
      "integrity": "sha1-hgHO6x7A4bG4IXuWCkE+2OlHgJs=",
      "requires": {
        "@octokit/auth-token": "2.4.5",
        "@octokit/graphql": "4.6.4",
        "@octokit/request": "5.6.0",
        "@octokit/request-error": "2.1.0",
        "@octokit/types": "6.16.4",
        "before-after-hook": "2.2.2",
        "universal-user-agent": "6.0.0"
      }
    },
    "@octokit/endpoint": {
      "version": "6.0.12",
      "resolved": "https://registry.nlark.com/@octokit/endpoint/download/@octokit/endpoint-6.0.12.tgz",
      "integrity": "sha1-O01HpLDnmxAn+4111CIZKLLQVlg=",
      "requires": {
        "@octokit/types": "6.16.4",
        "is-plain-object": "5.0.0",
        "universal-user-agent": "6.0.0"
      }
    },
    "@octokit/graphql": {
      "version": "4.6.4",
      "resolved": "https://registry.nlark.com/@octokit/graphql/download/@octokit/graphql-4.6.4.tgz?cache=0&sync_timestamp=1623458295436&other_urls=https%3A%2F%2Fregistry.nlark.com%2F%40octokit%2Fgraphql%2Fdownload%2F%40octokit%2Fgraphql-4.6.4.tgz",
      "integrity": "sha1-DD9b7UQIIhgulyMXEirLZdMRpe0=",
      "requires": {
        "@octokit/request": "5.6.0",
        "@octokit/types": "6.16.4",
        "universal-user-agent": "6.0.0"
      }
    },
    "@octokit/openapi-types": {
      "version": "7.3.2",
      "resolved": "https://registry.nlark.com/@octokit/openapi-types/download/@octokit/openapi-types-7.3.2.tgz",
      "integrity": "sha1-BlzkmzOAQ+x/dBMWzgav1NRZ2UQ="
    },
    "@octokit/plugin-paginate-rest": {
      "version": "2.13.5",
      "resolved": "https://registry.nlark.com/@octokit/plugin-paginate-rest/download/@octokit/plugin-paginate-rest-2.13.5.tgz?cache=0&sync_timestamp=1623443749407&other_urls=https%3A%2F%2Fregistry.nlark.com%2F%40octokit%2Fplugin-paginate-rest%2Fdownload%2F%40octokit%2Fplugin-paginate-rest-2.13.5.tgz",
      "integrity": "sha1-5Fn5tdzL4KU/A5o1XVuAwKKw3Fc=",
      "requires": {
        "@octokit/types": "6.16.4"
      }
    },
    "@octokit/plugin-rest-endpoint-methods": {
      "version": "5.3.1",
      "resolved": "https://registry.nlark.com/@octokit/plugin-rest-endpoint-methods/download/@octokit/plugin-rest-endpoint-methods-5.3.1.tgz?cache=0&sync_timestamp=1622182516223&other_urls=https%3A%2F%2Fregistry.nlark.com%2F%40octokit%2Fplugin-rest-endpoint-methods%2Fdownload%2F%40octokit%2Fplugin-rest-endpoint-methods-5.3.1.tgz",
      "integrity": "sha1-3t3OdptOwxeRcHCatC5OnmGVqqk=",
      "requires": {
        "@octokit/types": "6.16.4",
        "deprecation": "2.3.1"
      }
    },
    "@octokit/request": {
      "version": "5.6.0",
      "resolved": "https://registry.nlark.com/@octokit/request/download/@octokit/request-5.6.0.tgz",
      "integrity": "sha1-YISGG25Poh3EDI4qc57F7/WX5nI=",
      "requires": {
        "@octokit/endpoint": "6.0.12",
        "@octokit/request-error": "2.1.0",
        "@octokit/types": "6.16.4",
        "is-plain-object": "5.0.0",
        "node-fetch": "2.6.1",
        "universal-user-agent": "6.0.0"
      }
    },
    "@octokit/request-error": {
      "version": "2.1.0",
      "resolved": "https://registry.nlark.com/@octokit/request-error/download/@octokit/request-error-2.1.0.tgz?cache=0&sync_timestamp=1623456965882&other_urls=https%3A%2F%2Fregistry.nlark.com%2F%40octokit%2Frequest-error%2Fdownload%2F%40octokit%2Frequest-error-2.1.0.tgz",
      "integrity": "sha1-nhUDV4Mb/HiNE6T9SxkT1gx01nc=",
      "requires": {
        "@octokit/types": "6.16.4",
        "deprecation": "2.3.1",
        "once": "1.4.0"
      }
    },
    "@octokit/types": {
      "version": "6.16.4",
      "resolved": "https://registry.nlark.com/@octokit/types/download/@octokit/types-6.16.4.tgz",
      "integrity": "sha1-0k9eG6zS/pbWGFS1vaDojPgojf4=",
      "requires": {
        "@octokit/openapi-types": "7.3.2"
      }
    },
    "adm-zip": {
      "version": "0.5.5",
      "resolved": "https://registry.npm.taobao.org/adm-zip/download/adm-zip-0.5.5.tgz?cache=0&sync_timestamp=1617192302302&other_urls=https%3A%2F%2Fregistry.npm.taobao.org%2Fadm-zip%2Fdownload%2Fadm-zip-0.5.5.tgz",
      "integrity": "sha1-tlSdvqdB5AUDCfG7TUfEc5fOLE8="
    },
    "asn1": {
      "version": "0.2.4",
      "resolved": "http://registry.npm.taobao.org/asn1/download/asn1-0.2.4.tgz",
      "integrity": "sha1-jSR136tVO7M+d7VOWeiAu4ziMTY=",
      "requires": {
        "safer-buffer": "2.1.2"
      }
    },
    "bcrypt-pbkdf": {
      "version": "1.0.2",
      "resolved": "http://registry.npm.taobao.org/bcrypt-pbkdf/download/bcrypt-pbkdf-1.0.2.tgz",
      "integrity": "sha1-pDAdOJtqQ/m2f/PKEaP2Y342Dp4=",
      "requires": {
        "tweetnacl": "0.14.5"
      }
    },
    "before-after-hook": {
      "version": "2.2.2",
      "resolved": "https://registry.nlark.com/before-after-hook/download/before-after-hook-2.2.2.tgz?cache=0&sync_timestamp=1622845512291&other_urls=https%3A%2F%2Fregistry.nlark.com%2Fbefore-after-hook%2Fdownload%2Fbefore-after-hook-2.2.2.tgz",
      "integrity": "sha1-pujKQQKNkO4sJCIvIByQlWCRYT4="
    },
    "deprecation": {
      "version": "2.3.1",
      "resolved": "https://registry.npm.taobao.org/deprecation/download/deprecation-2.3.1.tgz",
      "integrity": "sha1-Y2jL20Cr8zc7UlrIfkomDDpwCRk="
    },
    "is-plain-object": {
      "version": "5.0.0",
      "resolved": "https://registry.npm.taobao.org/is-plain-object/download/is-plain-object-5.0.0.tgz",
      "integrity": "sha1-RCf1CrNCnpAl6n1S6QQ6nvQVk0Q="
    },
    "node-fetch": {
      "version": "2.6.1",
      "resolved": "https://registry.npm.taobao.org/node-fetch/download/node-fetch-2.6.1.tgz?cache=0&sync_timestamp=1599309198465&other_urls=https%3A%2F%2Fregistry.npm.taobao.org%2Fnode-fetch%2Fdownload%2Fnode-fetch-2.6.1.tgz",
      "integrity": "sha1-BFvTI2Mfdu0uK1VXM5RBa2OaAFI="
    },
    "once": {
      "version": "1.4.0",
      "resolved": "http://registry.npm.taobao.org/once/download/once-1.4.0.tgz",
      "integrity": "sha1-WDsap3WWHUsROsF9nFC6753Xa9E=",
      "requires": {
        "wrappy": "1.0.2"
      }
    },
    "safer-buffer": {
      "version": "2.1.2",
      "resolved": "http://registry.npm.taobao.org/safer-buffer/download/safer-buffer-2.1.2.tgz",
      "integrity": "sha1-RPoWGwGHuVSd2Eu5GAL5vYOFzWo="
    },
    "ssh2": {
      "version": "0.8.9",
      "resolved": "https://registry.nlark.com/ssh2/download/ssh2-0.8.9.tgz",
      "integrity": "sha1-VNo6bEuj2vDYR3pTikgTJgkYFfM=",
      "requires": {
        "ssh2-streams": "0.4.10"
      }
    },
    "ssh2-streams": {
      "version": "0.4.10",
      "resolved": "https://registry.npm.taobao.org/ssh2-streams/download/ssh2-streams-0.4.10.tgz",
      "integrity": "sha1-SO9+ig452PKSHDBSHVbayzHSOjQ=",
      "requires": {
        "asn1": "0.2.4",
        "bcrypt-pbkdf": "1.0.2",
        "streamsearch": "0.1.2"
      }
    },
    "streamsearch": {
      "version": "0.1.2",
      "resolved": "https://registry.npm.taobao.org/streamsearch/download/streamsearch-0.1.2.tgz",
      "integrity": "sha1-gIudDlb8Jz2Am6VzOOkpkZoanxo="
    },
    "tunnel": {
      "version": "0.0.6",
      "resolved": "https://registry.npm.taobao.org/tunnel/download/tunnel-0.0.6.tgz",
      "integrity": "sha1-cvExSzSlsZLbASMk3yzFh8pH+Sw="
    },
    "tweetnacl": {
      "version": "0.14.5",
      "resolved": "https://registry.npm.taobao.org/tweetnacl/download/tweetnacl-0.14.5.tgz?cache=0&sync_timestamp=1581364203962&other_urls=https%3A%2F%2Fregistry.npm.taobao.org%2Ftweetnacl%2Fdownload%2Ftweetnacl-0.14.5.tgz",
      "integrity": "sha1-WuaBd/GS1EViadEIr6k/+HQ/T2Q="
    },
    "universal-user-agent": {
      "version": "6.0.0",
      "resolved": "https://registry.npm.taobao.org/universal-user-agent/download/universal-user-agent-6.0.0.tgz",
      "integrity": "sha1-M4H4UDslHA2c0hvB3pOeyd9UgO4="
    },
    "wrappy": {
      "version": "1.0.2",
      "resolved": "https://registry.nlark.com/wrappy/download/wrappy-1.0.2.tgz?cache=0&sync_timestamp=1619133505879&other_urls=https%3A%2F%2Fregistry.nlark.com%2Fwrappy%2Fdownload%2Fwrappy-1.0.2.tgz",
      "integrity": "sha1-tSQ9jz7BqjXxNkYFvA0QNuMKtp8="
    }
  }
}
